PODS:
  - DACircularProgress (2.3.1)
  - Expecta (1.0.0)
  - "Expecta+Snapshots (1.3.4)":
    - Expecta (~> 1.0)
    - FBSnapshotTestCase (~> 1.8)
  - FBSnapshotTestCase (1.8.1)
  - MBProgressHUD (0.9.1)
  - MWPhotoBrowser (2.1.1):
    - DACircularProgress (~> 2.3)
    - MBProgressHUD (~> 0.9)
    - SDWebImage (~> 5.2)
  - SDWebImage (5.2.3):
    - SDWebImage/Core (= 5.2.3)
  - SDWebImage/Core (5.2.3)
  - Specta (1.0.2)

DEPENDENCIES:
  - Expecta
  - "Expecta+Snapshots"
  - FBSnapshotTestCase
  - MWPhotoBrowser (from `../`)
  - Specta

SPEC REPOS:
  https://github.com/CocoaPods/Specs.git:
    - DACircularProgress
    - Expecta
    - "Expecta+Snapshots"
    - FBSnapshotTestCase
    - MBProgressHUD
    - SDWebImage
    - Specta

EXTERNAL SOURCES:
  MWPhotoBrowser:
    :path: "../"

SPEC CHECKSUMS:
  DACircularProgress: 4dd437c0fc3da5161cb289e07ac449493d41db71
  Expecta: 32604574add2c46a36f8d2f716b6c5736eb75024
  "Expecta+Snapshots": ca15bfb57e7a0f78f86c7699c2c54ffacfa4ad2a
  FBSnapshotTestCase: 3dc3899168747a0319c5278f5b3445c13a6532dd
  MBProgressHUD: c47f2c166c126cf2ce36498d80f33e754d4e93ad
  MWPhotoBrowser: fee4728b06e7d4cb63a730cab30cd164f8de6e54
  SDWebImage: 46a7f73228f84ce80990c786e4372cf4db5875ce
  Specta: 9cec98310dca411f7c7ffd6943552b501622abfe

PODFILE CHECKSUM: f34da8fa8d69c16f9e24102c030779d6c14501e8

COCOAPODS: 1.8.3
